
Microsoft Visual Studio Solution File, Format Version 12.00
# Visual Studio 2013
VisualStudioVersion = 12.0.21005.1
MinimumVisualStudioVersion = 10.0.40219.1
Project("{8BC9CEB8-8B4A-11D0-8D11-00A0C91BC942}") = "lsq_3_20", "lsq_3_20\lsq_3_20.vcxproj", "{8E23D95A-9955-44DA-BF54-D8BB1A78814B}"
EndProject
Global
	GlobalSection(SolutionConfigurationPlatforms) = preSolution
		Debug|Win32 = Debug|Win32
		Release|Win32 = Release|Win32
	EndGlobalSection
	GlobalSection(ProjectConfigurationPlatforms) = postSolution
		{8E23D95A-9955-44DA-BF54-D8BB1A78814B}.Debug|Win32.ActiveCfg = Debug|Win32
		{8E23D95A-9955-44DA-BF54-D8BB1A78814B}.Debug|Win32.Build.0 = Debug|Win32
		{8E23D95A-9955-44DA-BF54-D8BB1A78814B}.Release|Win32.ActiveCfg = Release|Win32
		{8E23D95A-9955-44DA-BF54-D8BB1A78814B}.Release|Win32.Build.0 = Release|Win32
	EndGlobalSection
	GlobalSection(SolutionProperties) = preSolution
		HideSolutionNode = FALSE
	EndGlobalSection
EndGlobal
